
Microsoft Visual Studio Solution File, Format Version 12.00
# Visual Studio Version 16
VisualStudioVersion = 16.0.31605.320
MinimumVisualStudioVersion = 10.0.40219.1
Project("{FAE04EC0-301F-11D3-BF4B-00C04F79EFBC}") = "Lab2.4.Tests", "Lab2.4.Tests.csproj", "{09E6C3FF-5218-468F-934A-7D909F25E37C}"
EndProject
Global
	GlobalSection(SolutionConfigurationPlatforms) = preSolution
		Debug|Any CPU = Debug|Any CPU
		Release|Any CPU = Release|Any CPU
	EndGlobalSection
	GlobalSection(ProjectConfigurationPlatforms) = postSolution
		{09E6C3FF-5218-468F-934A-7D909F25E37C}.Debug|Any CPU.ActiveCfg = Debug|Any CPU
		{09E6C3FF-5218-468F-934A-7D909F25E37C}.Debug|Any CPU.Build.0 = Debug|Any CPU
		{09E6C3FF-5218-468F-934A-7D909F25E37C}.Release|Any CPU.ActiveCfg = Release|Any CPU
		{09E6C3FF-5218-468F-934A-7D909F25E37C}.Release|Any CPU.Build.0 = Release|Any CPU
	EndGlobalSection
	GlobalSection(SolutionProperties) = preSolution
		HideSolutionNode = FALSE
	EndGlobalSection
	GlobalSection(ExtensibilityGlobals) = postSolution
		SolutionGuid = {E4323AB2-51A9-4845-882A-214830EE18CC}
	EndGlobalSection
EndGlobal
